
Microsoft Visual Studio Solution File, Format Version 12.00
# Visual Studio Version 16
VisualStudioVersion = 16.0.810.14
MinimumVisualStudioVersion = 10.0.40219.1
Project("{FAE04EC0-301F-11D3-BF4B-00C04F79EFBC}") = "CoffeeMaker", "DesignMarkIV\CoffeeMaker.csproj", "{B6100511-D09E-473C-8F59-7089BD93662B}"
EndProject
Project("{FAE04EC0-301F-11D3-BF4B-00C04F79EFBC}") = "CoffeeMaker.Test", "CoffeeMaker.Test\CoffeeMaker.Test.csproj", "{23380BAA-60B5-4E1B-B675-6741A9D12044}"
EndProject
Global
	GlobalSection(SolutionConfigurationPlatforms) = preSolution
		Debug|Any CPU = Debug|Any CPU
		Release|Any CPU = Release|Any CPU
	EndGlobalSection
	GlobalSection(ProjectConfigurationPlatforms) = postSolution
		{B6100511-D09E-473C-8F59-7089BD93662B}.Debug|Any CPU.ActiveCfg = Debug|Any CPU
		{B6100511-D09E-473C-8F59-7089BD93662B}.Debug|Any CPU.Build.0 = Debug|Any CPU
		{B6100511-D09E-473C-8F59-7089BD93662B}.Release|Any CPU.ActiveCfg = Release|Any CPU
		{B6100511-D09E-473C-8F59-7089BD93662B}.Release|Any CPU.Build.0 = Release|Any CPU
		{23380BAA-60B5-4E1B-B675-6741A9D12044}.Debug|Any CPU.ActiveCfg = Debug|Any CPU
		{23380BAA-60B5-4E1B-B675-6741A9D12044}.Debug|Any CPU.Build.0 = Debug|Any CPU
		{23380BAA-60B5-4E1B-B675-6741A9D12044}.Release|Any CPU.ActiveCfg = Release|Any CPU
		{23380BAA-60B5-4E1B-B675-6741A9D12044}.Release|Any CPU.Build.0 = Release|Any CPU
	EndGlobalSection
	GlobalSection(SolutionProperties) = preSolution
		HideSolutionNode = FALSE
	EndGlobalSection
	GlobalSection(ExtensibilityGlobals) = postSolution
		SolutionGuid = {278DEADB-ABC6-458F-A4B2-3A84E79BD76A}
	EndGlobalSection
EndGlobal
